
Microsoft Visual Studio Solution File, Format Version 12.00
# Visual Studio Version 17
VisualStudioVersion = 17.2.32630.192
MinimumVisualStudioVersion = 10.0.40219.1
Project("{FAE04EC0-301F-11D3-BF4B-00C04F79EFBC}") = "Problem_1", "Problem_1\Problem_1.csproj", "{ADB2C82E-4950-4C0B-8D36-E5CEB2EFEBDD}"
EndProject
Project("{FAE04EC0-301F-11D3-BF4B-00C04F79EFBC}") = "Problem_2", "Problem_2\Problem_2.csproj", "{ACC0E6DD-EEAC-4A30-81C8-57EB19EC7C83}"
EndProject
Project("{FAE04EC0-301F-11D3-BF4B-00C04F79EFBC}") = "Problem_3", "Problem_3\Problem_3.csproj", "{F8FA10C1-6C07-4479-8550-1F4BA6C69EDB}"
EndProject
Project("{FAE04EC0-301F-11D3-BF4B-00C04F79EFBC}") = "Problem_4", "Problem_4\Problem_4.csproj", "{5FF0304A-1DFD-4F3F-A66F-01637D1FE3E6}"
EndProject
Project("{FAE04EC0-301F-11D3-BF4B-00C04F79EFBC}") = "Problem_5", "Problem_5\Problem_5.csproj", "{3432241A-157E-4434-B311-65CE5A4D67E0}"
EndProject
Project("{FAE04EC0-301F-11D3-BF4B-00C04F79EFBC}") = "Problem_6", "Problem_6\Problem_6.csproj", "{3611763A-2E7A-4C13-928A-B4586402F61F}"
EndProject
Project("{FAE04EC0-301F-11D3-BF4B-00C04F79EFBC}") = "Problem_7", "Problem_7\Problem_7.csproj", "{7960409A-B5A2-411B-8877-EE6C27AD5E7B}"
EndProject
Project("{FAE04EC0-301F-11D3-BF4B-00C04F79EFBC}") = "Problem_8", "Problem_8\Problem_8.csproj", "{1F430211-5D9E-48DF-B792-DB51253A6723}"
EndProject
Project("{FAE04EC0-301F-11D3-BF4B-00C04F79EFBC}") = "Problem_9", "Problem_9\Problem_9.csproj", "{383E5380-87FF-4E4C-B0FD-DE7859EF1C93}"
EndProject
Project("{FAE04EC0-301F-11D3-BF4B-00C04F79EFBC}") = "Problem_10", "Problem_10\Problem_10.csproj", "{0C7A3542-9B1B-410E-A2CF-FC959CBE9F48}"
EndProject
Global
	GlobalSection(SolutionConfigurationPlatforms) = preSolution
		Debug|Any CPU = Debug|Any CPU
		Release|Any CPU = Release|Any CPU
	EndGlobalSection
	GlobalSection(ProjectConfigurationPlatforms) = postSolution
		{ADB2C82E-4950-4C0B-8D36-E5CEB2EFEBDD}.Debug|Any CPU.ActiveCfg = Debug|Any CPU
		{ADB2C82E-4950-4C0B-8D36-E5CEB2EFEBDD}.Debug|Any CPU.Build.0 = Debug|Any CPU
		{ADB2C82E-4950-4C0B-8D36-E5CEB2EFEBDD}.Release|Any CPU.ActiveCfg = Release|Any CPU
		{ADB2C82E-4950-4C0B-8D36-E5CEB2EFEBDD}.Release|Any CPU.Build.0 = Release|Any CPU
		{ACC0E6DD-EEAC-4A30-81C8-57EB19EC7C83}.Debug|Any CPU.ActiveCfg = Debug|Any CPU
		{ACC0E6DD-EEAC-4A30-81C8-57EB19EC7C83}.Debug|Any CPU.Build.0 = Debug|Any CPU
		{ACC0E6DD-EEAC-4A30-81C8-57EB19EC7C83}.Release|Any CPU.ActiveCfg = Release|Any CPU
		{ACC0E6DD-EEAC-4A30-81C8-57EB19EC7C83}.Release|Any CPU.Build.0 = Release|Any CPU
		{F8FA10C1-6C07-4479-8550-1F4BA6C69EDB}.Debug|Any CPU.ActiveCfg = Debug|Any CPU
		{F8FA10C1-6C07-4479-8550-1F4BA6C69EDB}.Debug|Any CPU.Build.0 = Debug|Any CPU
		{F8FA10C1-6C07-4479-8550-1F4BA6C69EDB}.Release|Any CPU.ActiveCfg = Release|Any CPU
		{F8FA10C1-6C07-4479-8550-1F4BA6C69EDB}.Release|Any CPU.Build.0 = Release|Any CPU
		{5FF0304A-1DFD-4F3F-A66F-01637D1FE3E6}.Debug|Any CPU.ActiveCfg = Debug|Any CPU
		{5FF0304A-1DFD-4F3F-A66F-01637D1FE3E6}.Debug|Any CPU.Build.0 = Debug|Any CPU
		{5FF0304A-1DFD-4F3F-A66F-01637D1FE3E6}.Release|Any CPU.ActiveCfg = Release|Any CPU
		{5FF0304A-1DFD-4F3F-A66F-01637D1FE3E6}.Release|Any CPU.Build.0 = Release|Any CPU
		{3432241A-157E-4434-B311-65CE5A4D67E0}.Debug|Any CPU.ActiveCfg = Debug|Any CPU
		{3432241A-157E-4434-B311-65CE5A4D67E0}.Debug|Any CPU.Build.0 = Debug|Any CPU
		{3432241A-157E-4434-B311-65CE5A4D67E0}.Release|Any CPU.ActiveCfg = Release|Any CPU
		{3432241A-157E-4434-B311-65CE5A4D67E0}.Release|Any CPU.Build.0 = Release|Any CPU
		{3611763A-2E7A-4C13-928A-B4586402F61F}.Debug|Any CPU.ActiveCfg = Debug|Any CPU
		{3611763A-2E7A-4C13-928A-B4586402F61F}.Debug|Any CPU.Build.0 = Debug|Any CPU
		{3611763A-2E7A-4C13-928A-B4586402F61F}.Release|Any CPU.ActiveCfg = Release|Any CPU
		{3611763A-2E7A-4C13-928A-B4586402F61F}.Release|Any CPU.Build.0 = Release|Any CPU
		{7960409A-B5A2-411B-8877-EE6C27AD5E7B}.Debug|Any CPU.ActiveCfg = Debug|Any CPU
		{7960409A-B5A2-411B-8877-EE6C27AD5E7B}.Debug|Any CPU.Build.0 = Debug|Any CPU
		{7960409A-B5A2-411B-8877-EE6C27AD5E7B}.Release|Any CPU.ActiveCfg = Release|Any CPU
		{7960409A-B5A2-411B-8877-EE6C27AD5E7B}.Release|Any CPU.Build.0 = Release|Any CPU
		{1F430211-5D9E-48DF-B792-DB51253A6723}.Debug|Any CPU.ActiveCfg = Debug|Any CPU
		{1F430211-5D9E-48DF-B792-DB51253A6723}.Debug|Any CPU.Build.0 = Debug|Any CPU
		{1F430211-5D9E-48DF-B792-DB51253A6723}.Release|Any CPU.ActiveCfg = Release|Any CPU
		{1F430211-5D9E-48DF-B792-DB51253A6723}.Release|Any CPU.Build.0 = Release|Any CPU
		{383E5380-87FF-4E4C-B0FD-DE7859EF1C93}.Debug|Any CPU.ActiveCfg = Debug|Any CPU
		{383E5380-87FF-4E4C-B0FD-DE7859EF1C93}.Debug|Any CPU.Build.0 = Debug|Any CPU
		{383E5380-87FF-4E4C-B0FD-DE7859EF1C93}.Release|Any CPU.ActiveCfg = Release|Any CPU
		{383E5380-87FF-4E4C-B0FD-DE7859EF1C93}.Release|Any CPU.Build.0 = Release|Any CPU
		{0C7A3542-9B1B-410E-A2CF-FC959CBE9F48}.Debug|Any CPU.ActiveCfg = Debug|Any CPU
		{0C7A3542-9B1B-410E-A2CF-FC959CBE9F48}.Debug|Any CPU.Build.0 = Debug|Any CPU
		{0C7A3542-9B1B-410E-A2CF-FC959CBE9F48}.Release|Any CPU.ActiveCfg = Release|Any CPU
		{0C7A3542-9B1B-410E-A2CF-FC959CBE9F48}.Release|Any CPU.Build.0 = Release|Any CPU
	EndGlobalSection
	GlobalSection(SolutionProperties) = preSolution
		HideSolutionNode = FALSE
	EndGlobalSection
	GlobalSection(ExtensibilityGlobals) = postSolution
		SolutionGuid = {4FB6ADA2-3947-49E0-9183-ECA4D7E51D01}
	EndGlobalSection
EndGlobal
