
Microsoft Visual Studio Solution File, Format Version 12.00
# Visual Studio Version 17
VisualStudioVersion = 17.2.32630.192
MinimumVisualStudioVersion = 10.0.40219.1
Project("{FAE04EC0-301F-11D3-BF4B-00C04F79EFBC}") = "Problem_1", "Problem_1\Problem_1.csproj", "{ADB2C82E-4950-4C0B-8D36-E5CEB2EFEBDD}"
EndProject
Project("{FAE04EC0-301F-11D3-BF4B-00C04F79EFBC}") = "Problem_2", "Problem_2\Problem_2.csproj", "{ACC0E6DD-EEAC-4A30-81C8-57EB19EC7C83}"
EndProject
Project("{FAE04EC0-301F-11D3-BF4B-00C04F79EFBC}") = "Problem_3", "Problem_3\Problem_3.csproj", "{F8FA10C1-6C07-4479-8550-1F4BA6C69EDB}"
EndProject
Project("{FAE04EC0-301F-11D3-BF4B-00C04F79EFBC}") = "Problem_4", "Problem_4\Problem_4.csproj", "{5FF0304A-1DFD-4F3F-A66F-01637D1FE3E6}"
EndProject
Project("{FAE04EC0-301F-11D3-BF4B-00C04F79EFBC}") = "Problem_5", "Problem_5\Problem_5.csproj", "{3432241A-157E-4434-B311-65CE5A4D67E0}"
EndProject
Project("{FAE04EC0-301F-11D3-BF4B-00C04F79EFBC}") = "Problem_6", "Problem_6\Problem_6.csproj", "{3611763A-2E7A-4C13-928A-B4586402F61F}"
EndProject
Project("{FAE04EC0-301F-11D3-BF4B-00C04F79EFBC}") = "Problem_7", "Problem_7\Problem_7.csproj", "{7960409A-B5A2-411B-8877-EE6C27AD5E7B}"
EndProject
Project("{FAE04EC0-301F-11D3-BF4B-00C04F79EFBC}") = "Problem_8", "Problem_8\Problem_8.csproj", "{1F430211-5D9E-48DF-B792-DB51253A6723}"
EndProject
Project("{FAE04EC0-301F-11D3-BF4B-00C04F79EFBC}") = "Problem_9", "Problem_9\Problem_9.csproj", "{383E5380-87FF-4E4C-B0FD-DE7859EF1C93}"
EndProject
Project("{FAE04EC0-301F-11D3-BF4B-00C04F79EFBC}") = "Problem_10", "Problem_10\Problem_10.csproj", "{0C7A3542-9B1B-410E-A2CF-FC959CBE9F48}"
EndProject
Project("{FAE04EC0-301F-11D3-BF4B-00C04F79EFBC}") = "Problem_11", "Problem_11\Problem_11.csproj", "{DD52514E-3B7D-4FDE-8AAA-C01B16F59243}"
EndProject
Project("{FAE04EC0-301F-11D3-BF4B-00C04F79EFBC}") = "Problem_12", "Problem_12\Problem_12.csproj", "{2EE0BFAC-2862-4E9B-B832-641DBFE353DE}"
EndProject
Project("{FAE04EC0-301F-11D3-BF4B-00C04F79EFBC}") = "Problem_13", "Problem_13\Problem_13.csproj", "{967EB637-9F1E-4D13-BAA0-B360C69FFB94}"
EndProject
Project("{FAE04EC0-301F-11D3-BF4B-00C04F79EFBC}") = "Problem_14", "Problem_14\Problem_14.csproj", "{83288A5B-3883-4250-9E2B-D15A72544892}"
EndProject
Project("{FAE04EC0-301F-11D3-BF4B-00C04F79EFBC}") = "Problem_15", "Problem_15\Problem_15.csproj", "{8DAF4272-178A-40EB-B87F-181B768564ED}"
EndProject
Project("{FAE04EC0-301F-11D3-BF4B-00C04F79EFBC}") = "Problem_16", "Problem_16\Problem_16.csproj", "{A3581DE1-6D9E-49D9-86C6-0B7DD4541C2D}"
EndProject
Project("{FAE04EC0-301F-11D3-BF4B-00C04F79EFBC}") = "Problem_17", "Problem_17\Problem_17.csproj", "{EB4F2E52-52E9-4ADC-8277-DD6C8C228480}"
EndProject
Project("{FAE04EC0-301F-11D3-BF4B-00C04F79EFBC}") = "Problem_18", "Problem_18\Problem_18.csproj", "{4D999E98-ABF8-4AFD-AC28-4C94C1B17E46}"
EndProject
Project("{FAE04EC0-301F-11D3-BF4B-00C04F79EFBC}") = "Problem_19", "Problem_19\Problem_19.csproj", "{FEBA31DA-7F8D-4A53-A089-9CC6DBF57CE1}"
EndProject
Project("{FAE04EC0-301F-11D3-BF4B-00C04F79EFBC}") = "Problem_20", "Problem_20\Problem_20.csproj", "{EE1FF0BD-E890-4FE8-99A4-28914CD0FF05}"
EndProject
Project("{FAE04EC0-301F-11D3-BF4B-00C04F79EFBC}") = "Problem_21", "Problem_21\Problem_21.csproj", "{B34BD044-45A1-4F45-AB6D-995BA83BAAF2}"
EndProject
Project("{FAE04EC0-301F-11D3-BF4B-00C04F79EFBC}") = "Problem_22", "Problem_22\Problem_22.csproj", "{3815CD16-4075-4D28-9C75-3B20FE357FA1}"
EndProject
Project("{FAE04EC0-301F-11D3-BF4B-00C04F79EFBC}") = "Problem_23", "Problem_23\Problem_23.csproj", "{E0572B7B-86A5-4DF8-8C1D-71D0163DE4B3}"
EndProject
Project("{FAE04EC0-301F-11D3-BF4B-00C04F79EFBC}") = "Problem_24", "Problem_24\Problem_24.csproj", "{15C6FC38-4239-4F7D-8C57-F7F009DAFA65}"
EndProject
Project("{FAE04EC0-301F-11D3-BF4B-00C04F79EFBC}") = "Problem_25", "Problem_25\Problem_25.csproj", "{86372074-0BE0-4438-A237-903899BB3ACE}"
EndProject
Project("{FAE04EC0-301F-11D3-BF4B-00C04F79EFBC}") = "Problem_26", "Problem_26\Problem_26.csproj", "{85CEA377-7568-48EB-9A83-D243CC3051BF}"
EndProject
Project("{FAE04EC0-301F-11D3-BF4B-00C04F79EFBC}") = "Problem_27", "Problem_27\Problem_27.csproj", "{E1922501-7B55-4318-923B-C35353396FFD}"
EndProject
Project("{FAE04EC0-301F-11D3-BF4B-00C04F79EFBC}") = "Problem_28", "Problem_28\Problem_28.csproj", "{31A83C8D-6E89-4DBE-93C9-20EC93C23E39}"
EndProject
Project("{FAE04EC0-301F-11D3-BF4B-00C04F79EFBC}") = "Problem_29", "Problem_29\Problem_29.csproj", "{A51EC369-5408-4EF1-9EDE-54C1664FE948}"
EndProject
Project("{FAE04EC0-301F-11D3-BF4B-00C04F79EFBC}") = "Problem_30", "Problem_30\Problem_30.csproj", "{ADE66B34-5240-4CDF-9688-F24EDBE699A8}"
EndProject
Global
	GlobalSection(SolutionConfigurationPlatforms) = preSolution
		Debug|Any CPU = Debug|Any CPU
		Release|Any CPU = Release|Any CPU
	EndGlobalSection
	GlobalSection(ProjectConfigurationPlatforms) = postSolution
		{ADB2C82E-4950-4C0B-8D36-E5CEB2EFEBDD}.Debug|Any CPU.ActiveCfg = Debug|Any CPU
		{ADB2C82E-4950-4C0B-8D36-E5CEB2EFEBDD}.Debug|Any CPU.Build.0 = Debug|Any CPU
		{ADB2C82E-4950-4C0B-8D36-E5CEB2EFEBDD}.Release|Any CPU.ActiveCfg = Release|Any CPU
		{ADB2C82E-4950-4C0B-8D36-E5CEB2EFEBDD}.Release|Any CPU.Build.0 = Release|Any CPU
		{ACC0E6DD-EEAC-4A30-81C8-57EB19EC7C83}.Debug|Any CPU.ActiveCfg = Debug|Any CPU
		{ACC0E6DD-EEAC-4A30-81C8-57EB19EC7C83}.Debug|Any CPU.Build.0 = Debug|Any CPU
		{ACC0E6DD-EEAC-4A30-81C8-57EB19EC7C83}.Release|Any CPU.ActiveCfg = Release|Any CPU
		{ACC0E6DD-EEAC-4A30-81C8-57EB19EC7C83}.Release|Any CPU.Build.0 = Release|Any CPU
		{F8FA10C1-6C07-4479-8550-1F4BA6C69EDB}.Debug|Any CPU.ActiveCfg = Debug|Any CPU
		{F8FA10C1-6C07-4479-8550-1F4BA6C69EDB}.Debug|Any CPU.Build.0 = Debug|Any CPU
		{F8FA10C1-6C07-4479-8550-1F4BA6C69EDB}.Release|Any CPU.ActiveCfg = Release|Any CPU
		{F8FA10C1-6C07-4479-8550-1F4BA6C69EDB}.Release|Any CPU.Build.0 = Release|Any CPU
		{5FF0304A-1DFD-4F3F-A66F-01637D1FE3E6}.Debug|Any CPU.ActiveCfg = Debug|Any CPU
		{5FF0304A-1DFD-4F3F-A66F-01637D1FE3E6}.Debug|Any CPU.Build.0 = Debug|Any CPU
		{5FF0304A-1DFD-4F3F-A66F-01637D1FE3E6}.Release|Any CPU.ActiveCfg = Release|Any CPU
		{5FF0304A-1DFD-4F3F-A66F-01637D1FE3E6}.Release|Any CPU.Build.0 = Release|Any CPU
		{3432241A-157E-4434-B311-65CE5A4D67E0}.Debug|Any CPU.ActiveCfg = Debug|Any CPU
		{3432241A-157E-4434-B311-65CE5A4D67E0}.Debug|Any CPU.Build.0 = Debug|Any CPU
		{3432241A-157E-4434-B311-65CE5A4D67E0}.Release|Any CPU.ActiveCfg = Release|Any CPU
		{3432241A-157E-4434-B311-65CE5A4D67E0}.Release|Any CPU.Build.0 = Release|Any CPU
		{3611763A-2E7A-4C13-928A-B4586402F61F}.Debug|Any CPU.ActiveCfg = Debug|Any CPU
		{3611763A-2E7A-4C13-928A-B4586402F61F}.Debug|Any CPU.Build.0 = Debug|Any CPU
		{3611763A-2E7A-4C13-928A-B4586402F61F}.Release|Any CPU.ActiveCfg = Release|Any CPU
		{3611763A-2E7A-4C13-928A-B4586402F61F}.Release|Any CPU.Build.0 = Release|Any CPU
		{7960409A-B5A2-411B-8877-EE6C27AD5E7B}.Debug|Any CPU.ActiveCfg = Debug|Any CPU
		{7960409A-B5A2-411B-8877-EE6C27AD5E7B}.Debug|Any CPU.Build.0 = Debug|Any CPU
		{7960409A-B5A2-411B-8877-EE6C27AD5E7B}.Release|Any CPU.ActiveCfg = Release|Any CPU
		{7960409A-B5A2-411B-8877-EE6C27AD5E7B}.Release|Any CPU.Build.0 = Release|Any CPU
		{1F430211-5D9E-48DF-B792-DB51253A6723}.Debug|Any CPU.ActiveCfg = Debug|Any CPU
		{1F430211-5D9E-48DF-B792-DB51253A6723}.Debug|Any CPU.Build.0 = Debug|Any CPU
		{1F430211-5D9E-48DF-B792-DB51253A6723}.Release|Any CPU.ActiveCfg = Release|Any CPU
		{1F430211-5D9E-48DF-B792-DB51253A6723}.Release|Any CPU.Build.0 = Release|Any CPU
		{383E5380-87FF-4E4C-B0FD-DE7859EF1C93}.Debug|Any CPU.ActiveCfg = Debug|Any CPU
		{383E5380-87FF-4E4C-B0FD-DE7859EF1C93}.Debug|Any CPU.Build.0 = Debug|Any CPU
		{383E5380-87FF-4E4C-B0FD-DE7859EF1C93}.Release|Any CPU.ActiveCfg = Release|Any CPU
		{383E5380-87FF-4E4C-B0FD-DE7859EF1C93}.Release|Any CPU.Build.0 = Release|Any CPU
		{0C7A3542-9B1B-410E-A2CF-FC959CBE9F48}.Debug|Any CPU.ActiveCfg = Debug|Any CPU
		{0C7A3542-9B1B-410E-A2CF-FC959CBE9F48}.Debug|Any CPU.Build.0 = Debug|Any CPU
		{0C7A3542-9B1B-410E-A2CF-FC959CBE9F48}.Release|Any CPU.ActiveCfg = Release|Any CPU
		{0C7A3542-9B1B-410E-A2CF-FC959CBE9F48}.Release|Any CPU.Build.0 = Release|Any CPU
		{DD52514E-3B7D-4FDE-8AAA-C01B16F59243}.Debug|Any CPU.ActiveCfg = Debug|Any CPU
		{DD52514E-3B7D-4FDE-8AAA-C01B16F59243}.Debug|Any CPU.Build.0 = Debug|Any CPU
		{DD52514E-3B7D-4FDE-8AAA-C01B16F59243}.Release|Any CPU.ActiveCfg = Release|Any CPU
		{DD52514E-3B7D-4FDE-8AAA-C01B16F59243}.Release|Any CPU.Build.0 = Release|Any CPU
		{2EE0BFAC-2862-4E9B-B832-641DBFE353DE}.Debug|Any CPU.ActiveCfg = Debug|Any CPU
		{2EE0BFAC-2862-4E9B-B832-641DBFE353DE}.Debug|Any CPU.Build.0 = Debug|Any CPU
		{2EE0BFAC-2862-4E9B-B832-641DBFE353DE}.Release|Any CPU.ActiveCfg = Release|Any CPU
		{2EE0BFAC-2862-4E9B-B832-641DBFE353DE}.Release|Any CPU.Build.0 = Release|Any CPU
		{967EB637-9F1E-4D13-BAA0-B360C69FFB94}.Debug|Any CPU.ActiveCfg = Debug|Any CPU
		{967EB637-9F1E-4D13-BAA0-B360C69FFB94}.Debug|Any CPU.Build.0 = Debug|Any CPU
		{967EB637-9F1E-4D13-BAA0-B360C69FFB94}.Release|Any CPU.ActiveCfg = Release|Any CPU
		{967EB637-9F1E-4D13-BAA0-B360C69FFB94}.Release|Any CPU.Build.0 = Release|Any CPU
		{83288A5B-3883-4250-9E2B-D15A72544892}.Debug|Any CPU.ActiveCfg = Debug|Any CPU
		{83288A5B-3883-4250-9E2B-D15A72544892}.Debug|Any CPU.Build.0 = Debug|Any CPU
		{83288A5B-3883-4250-9E2B-D15A72544892}.Release|Any CPU.ActiveCfg = Release|Any CPU
		{83288A5B-3883-4250-9E2B-D15A72544892}.Release|Any CPU.Build.0 = Release|Any CPU
		{8DAF4272-178A-40EB-B87F-181B768564ED}.Debug|Any CPU.ActiveCfg = Debug|Any CPU
		{8DAF4272-178A-40EB-B87F-181B768564ED}.Debug|Any CPU.Build.0 = Debug|Any CPU
		{8DAF4272-178A-40EB-B87F-181B768564ED}.Release|Any CPU.ActiveCfg = Release|Any CPU
		{8DAF4272-178A-40EB-B87F-181B768564ED}.Release|Any CPU.Build.0 = Release|Any CPU
		{A3581DE1-6D9E-49D9-86C6-0B7DD4541C2D}.Debug|Any CPU.ActiveCfg = Debug|Any CPU
		{A3581DE1-6D9E-49D9-86C6-0B7DD4541C2D}.Debug|Any CPU.Build.0 = Debug|Any CPU
		{A3581DE1-6D9E-49D9-86C6-0B7DD4541C2D}.Release|Any CPU.ActiveCfg = Release|Any CPU
		{A3581DE1-6D9E-49D9-86C6-0B7DD4541C2D}.Release|Any CPU.Build.0 = Release|Any CPU
		{EB4F2E52-52E9-4ADC-8277-DD6C8C228480}.Debug|Any CPU.ActiveCfg = Debug|Any CPU
		{EB4F2E52-52E9-4ADC-8277-DD6C8C228480}.Debug|Any CPU.Build.0 = Debug|Any CPU
		{EB4F2E52-52E9-4ADC-8277-DD6C8C228480}.Release|Any CPU.ActiveCfg = Release|Any CPU
		{EB4F2E52-52E9-4ADC-8277-DD6C8C228480}.Release|Any CPU.Build.0 = Release|Any CPU
		{4D999E98-ABF8-4AFD-AC28-4C94C1B17E46}.Debug|Any CPU.ActiveCfg = Debug|Any CPU
		{4D999E98-ABF8-4AFD-AC28-4C94C1B17E46}.Debug|Any CPU.Build.0 = Debug|Any CPU
		{4D999E98-ABF8-4AFD-AC28-4C94C1B17E46}.Release|Any CPU.ActiveCfg = Release|Any CPU
		{4D999E98-ABF8-4AFD-AC28-4C94C1B17E46}.Release|Any CPU.Build.0 = Release|Any CPU
		{FEBA31DA-7F8D-4A53-A089-9CC6DBF57CE1}.Debug|Any CPU.ActiveCfg = Debug|Any CPU
		{FEBA31DA-7F8D-4A53-A089-9CC6DBF57CE1}.Debug|Any CPU.Build.0 = Debug|Any CPU
		{FEBA31DA-7F8D-4A53-A089-9CC6DBF57CE1}.Release|Any CPU.ActiveCfg = Release|Any CPU
		{FEBA31DA-7F8D-4A53-A089-9CC6DBF57CE1}.Release|Any CPU.Build.0 = Release|Any CPU
		{EE1FF0BD-E890-4FE8-99A4-28914CD0FF05}.Debug|Any CPU.ActiveCfg = Debug|Any CPU
		{EE1FF0BD-E890-4FE8-99A4-28914CD0FF05}.Debug|Any CPU.Build.0 = Debug|Any CPU
		{EE1FF0BD-E890-4FE8-99A4-28914CD0FF05}.Release|Any CPU.ActiveCfg = Release|Any CPU
		{EE1FF0BD-E890-4FE8-99A4-28914CD0FF05}.Release|Any CPU.Build.0 = Release|Any CPU
		{B34BD044-45A1-4F45-AB6D-995BA83BAAF2}.Debug|Any CPU.ActiveCfg = Debug|Any CPU
		{B34BD044-45A1-4F45-AB6D-995BA83BAAF2}.Debug|Any CPU.Build.0 = Debug|Any CPU
		{B34BD044-45A1-4F45-AB6D-995BA83BAAF2}.Release|Any CPU.ActiveCfg = Release|Any CPU
		{B34BD044-45A1-4F45-AB6D-995BA83BAAF2}.Release|Any CPU.Build.0 = Release|Any CPU
		{3815CD16-4075-4D28-9C75-3B20FE357FA1}.Debug|Any CPU.ActiveCfg = Debug|Any CPU
		{3815CD16-4075-4D28-9C75-3B20FE357FA1}.Debug|Any CPU.Build.0 = Debug|Any CPU
		{3815CD16-4075-4D28-9C75-3B20FE357FA1}.Release|Any CPU.ActiveCfg = Release|Any CPU
		{3815CD16-4075-4D28-9C75-3B20FE357FA1}.Release|Any CPU.Build.0 = Release|Any CPU
		{E0572B7B-86A5-4DF8-8C1D-71D0163DE4B3}.Debug|Any CPU.ActiveCfg = Debug|Any CPU
		{E0572B7B-86A5-4DF8-8C1D-71D0163DE4B3}.Debug|Any CPU.Build.0 = Debug|Any CPU
		{E0572B7B-86A5-4DF8-8C1D-71D0163DE4B3}.Release|Any CPU.ActiveCfg = Release|Any CPU
		{E0572B7B-86A5-4DF8-8C1D-71D0163DE4B3}.Release|Any CPU.Build.0 = Release|Any CPU
		{15C6FC38-4239-4F7D-8C57-F7F009DAFA65}.Debug|Any CPU.ActiveCfg = Debug|Any CPU
		{15C6FC38-4239-4F7D-8C57-F7F009DAFA65}.Debug|Any CPU.Build.0 = Debug|Any CPU
		{15C6FC38-4239-4F7D-8C57-F7F009DAFA65}.Release|Any CPU.ActiveCfg = Release|Any CPU
		{15C6FC38-4239-4F7D-8C57-F7F009DAFA65}.Release|Any CPU.Build.0 = Release|Any CPU
		{86372074-0BE0-4438-A237-903899BB3ACE}.Debug|Any CPU.ActiveCfg = Debug|Any CPU
		{86372074-0BE0-4438-A237-903899BB3ACE}.Debug|Any CPU.Build.0 = Debug|Any CPU
		{86372074-0BE0-4438-A237-903899BB3ACE}.Release|Any CPU.ActiveCfg = Release|Any CPU
		{86372074-0BE0-4438-A237-903899BB3ACE}.Release|Any CPU.Build.0 = Release|Any CPU
		{85CEA377-7568-48EB-9A83-D243CC3051BF}.Debug|Any CPU.ActiveCfg = Debug|Any CPU
		{85CEA377-7568-48EB-9A83-D243CC3051BF}.Debug|Any CPU.Build.0 = Debug|Any CPU
		{85CEA377-7568-48EB-9A83-D243CC3051BF}.Release|Any CPU.ActiveCfg = Release|Any CPU
		{85CEA377-7568-48EB-9A83-D243CC3051BF}.Release|Any CPU.Build.0 = Release|Any CPU
		{E1922501-7B55-4318-923B-C35353396FFD}.Debug|Any CPU.ActiveCfg = Debug|Any CPU
		{E1922501-7B55-4318-923B-C35353396FFD}.Debug|Any CPU.Build.0 = Debug|Any CPU
		{E1922501-7B55-4318-923B-C35353396FFD}.Release|Any CPU.ActiveCfg = Release|Any CPU
		{E1922501-7B55-4318-923B-C35353396FFD}.Release|Any CPU.Build.0 = Release|Any CPU
		{31A83C8D-6E89-4DBE-93C9-20EC93C23E39}.Debug|Any CPU.ActiveCfg = Debug|Any CPU
		{31A83C8D-6E89-4DBE-93C9-20EC93C23E39}.Debug|Any CPU.Build.0 = Debug|Any CPU
		{31A83C8D-6E89-4DBE-93C9-20EC93C23E39}.Release|Any CPU.ActiveCfg = Release|Any CPU
		{31A83C8D-6E89-4DBE-93C9-20EC93C23E39}.Release|Any CPU.Build.0 = Release|Any CPU
		{A51EC369-5408-4EF1-9EDE-54C1664FE948}.Debug|Any CPU.ActiveCfg = Debug|Any CPU
		{A51EC369-5408-4EF1-9EDE-54C1664FE948}.Debug|Any CPU.Build.0 = Debug|Any CPU
		{A51EC369-5408-4EF1-9EDE-54C1664FE948}.Release|Any CPU.ActiveCfg = Release|Any CPU
		{A51EC369-5408-4EF1-9EDE-54C1664FE948}.Release|Any CPU.Build.0 = Release|Any CPU
		{ADE66B34-5240-4CDF-9688-F24EDBE699A8}.Debug|Any CPU.ActiveCfg = Debug|Any CPU
		{ADE66B34-5240-4CDF-9688-F24EDBE699A8}.Debug|Any CPU.Build.0 = Debug|Any CPU
		{ADE66B34-5240-4CDF-9688-F24EDBE699A8}.Release|Any CPU.ActiveCfg = Release|Any CPU
		{ADE66B34-5240-4CDF-9688-F24EDBE699A8}.Release|Any CPU.Build.0 = Release|Any CPU
	EndGlobalSection
	GlobalSection(SolutionProperties) = preSolution
		HideSolutionNode = FALSE
	EndGlobalSection
	GlobalSection(ExtensibilityGlobals) = postSolution
		SolutionGuid = {4FB6ADA2-3947-49E0-9183-ECA4D7E51D01}
	EndGlobalSection
EndGlobal
